{
  "requires": true,
  "lockfileVersion": 1,
  "dependencies": {
    "async-validator": {
      "version": "3.5.0",
      "resolved": "https://registry.npm.taobao.org/async-validator/download/async-validator-3.5.0.tgz?cache=0&sync_timestamp=1605173652984&other_urls=https%3A%2F%2Fregistry.npm.taobao.org%2Fasync-validator%2Fdownload%2Fasync-validator-3.5.0.tgz",
      "integrity": "sha1-9nke5yF83oA2lBWRvDdU98Jrv4k="
    }
  }
}
